
Microsoft Visual Studio Solution File, Format Version 12.00
# Visual Studio 15
Project("{FAE04EC0-301F-11D3-BF4B-00C04F79EFBC}") = "Oculus.Interaction.Editor", "Oculus.Interaction.Editor.csproj", "{4CE89234-559E-57FE-0D25-EBC59D2F096D}"
EndProject
Project("{FAE04EC0-301F-11D3-BF4B-00C04F79EFBC}") = "Meta.WitAi.Conduit", "Meta.WitAi.Conduit.csproj", "{9EBC04A6-F6CC-37F7-BB12-19F54EE41D1A}"
EndProject
Project("{FAE04EC0-301F-11D3-BF4B-00C04F79EFBC}") = "Oculus.VR", "Oculus.VR.csproj", "{8B305CE3-7626-5A7A-DAF1-8DE20DF2F474}"
EndProject
Project("{FAE04EC0-301F-11D3-BF4B-00C04F79EFBC}") = "Oculus.Interaction", "Oculus.Interaction.csproj", "{37BAD0AA-516A-2322-64C2-D75C7A9B35E9}"
EndProject
Project("{FAE04EC0-301F-11D3-BF4B-00C04F79EFBC}") = "Meta.Voice.Samples.ShapesConduit", "Meta.Voice.Samples.ShapesConduit.csproj", "{370F880C-B96F-D85C-90AD-7A3AF155853F}"
EndProject
Project("{FAE04EC0-301F-11D3-BF4B-00C04F79EFBC}") = "Meta.WitAi.Editor", "Meta.WitAi.Editor.csproj", "{55BC85DF-F058-6B71-8EAC-7E4E7364E58D}"
EndProject
Project("{FAE04EC0-301F-11D3-BF4B-00C04F79EFBC}") = "Oculus.Platform", "Oculus.Platform.csproj", "{6AD474D9-4BBC-850B-1638-755D9ABAB936}"
EndProject
Project("{FAE04EC0-301F-11D3-BF4B-00C04F79EFBC}") = "VoiceSDK.Telemetry", "VoiceSDK.Telemetry.csproj", "{D337F601-3650-B6E7-619F-3976CB64D3B3}"
EndProject
Project("{FAE04EC0-301F-11D3-BF4B-00C04F79EFBC}") = "Meta.WitAi.Conduit.Editor", "Meta.WitAi.Conduit.Editor.csproj", "{25E6AE07-CBC9-9F04-5F34-626DF7118935}"
EndProject
Project("{FAE04EC0-301F-11D3-BF4B-00C04F79EFBC}") = "Meta.WitAi", "Meta.WitAi.csproj", "{19C6C820-EBE7-F7C5-8489-88003023E292}"
EndProject
Project("{FAE04EC0-301F-11D3-BF4B-00C04F79EFBC}") = "Oculus.Interaction.OVR.Samples", "Oculus.Interaction.OVR.Samples.csproj", "{C2ACFE5A-5F71-4BC4-CEFE-BD7300F30A93}"
EndProject
Project("{FAE04EC0-301F-11D3-BF4B-00C04F79EFBC}") = "Assembly-CSharp", "Assembly-CSharp.csproj", "{91B9B3F3-4C73-8D09-4664-A7B5527A0073}"
EndProject
Project("{FAE04EC0-301F-11D3-BF4B-00C04F79EFBC}") = "Meta.WitAi.Lib", "Meta.WitAi.Lib.csproj", "{AE97A0F5-86CD-4517-0D87-14011279DFC1}"
EndProject
Project("{FAE04EC0-301F-11D3-BF4B-00C04F79EFBC}") = "Oculus.VR.Editor", "Oculus.VR.Editor.csproj", "{E36F1622-AAA4-9749-5FE6-DAD93F314F02}"
EndProject
Project("{FAE04EC0-301F-11D3-BF4B-00C04F79EFBC}") = "Meta.Voice.Hub.Runtime", "Meta.Voice.Hub.Runtime.csproj", "{0173B0C1-E791-E4CB-7E8A-0B8074E460EB}"
EndProject
Project("{FAE04EC0-301F-11D3-BF4B-00C04F79EFBC}") = "Oculus.Interaction.OVR.Editor", "Oculus.Interaction.OVR.Editor.csproj", "{9CACC249-282E-F4DB-1141-F0491DE8A27E}"
EndProject
Project("{FAE04EC0-301F-11D3-BF4B-00C04F79EFBC}") = "VoiceSDK.Dictation.Runtime", "VoiceSDK.Dictation.Runtime.csproj", "{24FA6066-CA4A-9ECB-1AD7-E11D131B1AF5}"
EndProject
Project("{FAE04EC0-301F-11D3-BF4B-00C04F79EFBC}") = "Oculus.LipSync", "Oculus.LipSync.csproj", "{EE1DBD9B-DF56-93AD-4516-72A9B7660791}"
EndProject
Project("{FAE04EC0-301F-11D3-BF4B-00C04F79EFBC}") = "Oculus.Interaction.OVR", "Oculus.Interaction.OVR.csproj", "{D19C74F3-413F-CC53-D4F4-B1C299B3ED97}"
EndProject
Project("{FAE04EC0-301F-11D3-BF4B-00C04F79EFBC}") = "Meta.Voice.Hub.Editor", "Meta.Voice.Hub.Editor.csproj", "{439B7B2A-5393-001F-BF82-093DE7F25BDE}"
EndProject
Project("{FAE04EC0-301F-11D3-BF4B-00C04F79EFBC}") = "VoiceSDK.Editor", "VoiceSDK.Editor.csproj", "{1BEB1CB3-3970-E79D-39FF-B068FBE879D3}"
EndProject
Project("{FAE04EC0-301F-11D3-BF4B-00C04F79EFBC}") = "Meta.WitAI.Lib.Editor", "Meta.WitAI.Lib.Editor.csproj", "{C16E6D86-44A6-7EF8-CA43-3023B9A9C921}"
EndProject
Project("{FAE04EC0-301F-11D3-BF4B-00C04F79EFBC}") = "Oculus.Spatializer.Editor", "Oculus.Spatializer.Editor.csproj", "{BCC51980-4D97-6C6E-1F19-383E484BD7D1}"
EndProject
Project("{FAE04EC0-301F-11D3-BF4B-00C04F79EFBC}") = "AssistantCoreSDKRuntime", "AssistantCoreSDKRuntime.csproj", "{74C6A7A1-7871-0FDB-E963-4016FF4C1645}"
EndProject
Project("{FAE04EC0-301F-11D3-BF4B-00C04F79EFBC}") = "Oculus.AudioManager", "Oculus.AudioManager.csproj", "{97AF07F2-52AB-F57D-B0A8-56D1DB274EFD}"
EndProject
Project("{FAE04EC0-301F-11D3-BF4B-00C04F79EFBC}") = "VoiceSDK.Runtime", "VoiceSDK.Runtime.csproj", "{16B5ED7C-561E-F241-23FA-D647DA6D2A2F}"
EndProject
Project("{FAE04EC0-301F-11D3-BF4B-00C04F79EFBC}") = "Facebook.Wit.Dictation", "Facebook.Wit.Dictation.csproj", "{40DDB566-ED31-5334-F039-C395A965141E}"
EndProject
Project("{FAE04EC0-301F-11D3-BF4B-00C04F79EFBC}") = "Meta.Voice.Samples.BuiltInTimer", "Meta.Voice.Samples.BuiltInTimer.csproj", "{F251871D-F41E-16FC-63F8-40DFEE7AE18D}"
EndProject
Project("{FAE04EC0-301F-11D3-BF4B-00C04F79EFBC}") = "Oculus.Platform.Editor", "Oculus.Platform.Editor.csproj", "{1BAA76ED-85AA-8D30-12DE-72BFC5C68B53}"
EndProject
Project("{FAE04EC0-301F-11D3-BF4B-00C04F79EFBC}") = "Meta.XR.BuildingBlocks.Editor", "Meta.XR.BuildingBlocks.Editor.csproj", "{497EB788-F77F-B0C2-065D-C7C8B19FF871}"
EndProject
Project("{FAE04EC0-301F-11D3-BF4B-00C04F79EFBC}") = "Meta.Voice.Samples.TTSVoices", "Meta.Voice.Samples.TTSVoices.csproj", "{A9A24D2B-9170-D252-10AC-9AE2ED0FB0C8}"
EndProject
Project("{FAE04EC0-301F-11D3-BF4B-00C04F79EFBC}") = "Meta.Voice.VSDKHub.Editor", "Meta.Voice.VSDKHub.Editor.csproj", "{75D0F038-1136-0A7E-9E2E-6040BF26A960}"
EndProject
Project("{FAE04EC0-301F-11D3-BF4B-00C04F79EFBC}") = "Meta.WitAi.TTS", "Meta.WitAi.TTS.csproj", "{B550EFBB-C692-ADC4-08FA-0FFE44889642}"
EndProject
Project("{FAE04EC0-301F-11D3-BF4B-00C04F79EFBC}") = "Oculus.AudioManager.Audio.Editor", "Oculus.AudioManager.Audio.Editor.csproj", "{287376D4-4E16-6AA7-3EA2-ACE84E63ADE7}"
EndProject
Project("{FAE04EC0-301F-11D3-BF4B-00C04F79EFBC}") = "Assembly-CSharp-Editor", "Assembly-CSharp-Editor.csproj", "{43024405-14EF-8144-117F-429E2A97CD4C}"
EndProject
Project("{FAE04EC0-301F-11D3-BF4B-00C04F79EFBC}") = "Meta.Voice.Samples.Chess", "Meta.Voice.Samples.Chess.csproj", "{E5722A53-9321-352B-C0AB-ED647AEAF3B0}"
EndProject
Project("{FAE04EC0-301F-11D3-BF4B-00C04F79EFBC}") = "Oculus.VR.Scripts.Editor", "Oculus.VR.Scripts.Editor.csproj", "{6FCB251D-5A10-C841-E9BD-A21C69EB6425}"
EndProject
Project("{FAE04EC0-301F-11D3-BF4B-00C04F79EFBC}") = "Meta.Voice.Samples.LightTraits", "Meta.Voice.Samples.LightTraits.csproj", "{3C3C4371-7841-3009-2F1F-3EDC66A2DDE1}"
EndProject
Project("{FAE04EC0-301F-11D3-BF4B-00C04F79EFBC}") = "Meta.Voice.Samples.Dictation", "Meta.Voice.Samples.Dictation.csproj", "{E3671CA8-21BB-C027-300E-5DAD6BBAF5E0}"
EndProject
Project("{FAE04EC0-301F-11D3-BF4B-00C04F79EFBC}") = "Meta.Voice.Samples.Shapes", "Meta.Voice.Samples.Shapes.csproj", "{76A5FFF6-7935-5713-8FFF-E1761B3CAD4A}"
EndProject
Project("{FAE04EC0-301F-11D3-BF4B-00C04F79EFBC}") = "Oculus.Interaction.Samples.Editor", "Oculus.Interaction.Samples.Editor.csproj", "{613B295B-7B5A-4459-9DA3-83B607E1FE9B}"
EndProject
Project("{FAE04EC0-301F-11D3-BF4B-00C04F79EFBC}") = "Meta.WitAi.TTS.Editor", "Meta.WitAi.TTS.Editor.csproj", "{EBDF4A26-215E-352C-41B5-B3A3B65423D0}"
EndProject
Project("{FAE04EC0-301F-11D3-BF4B-00C04F79EFBC}") = "Meta.XR.BuildingBlocks", "Meta.XR.BuildingBlocks.csproj", "{BD9FD321-386B-827F-9238-52FF04B589CA}"
EndProject
Project("{FAE04EC0-301F-11D3-BF4B-00C04F79EFBC}") = "Oculus.Spatializer", "Oculus.Spatializer.csproj", "{B18E2E8F-BEFD-C8C2-DA49-A5A8515FFBB5}"
EndProject
Project("{FAE04EC0-301F-11D3-BF4B-00C04F79EFBC}") = "Oculus.LipSync.Editor", "Oculus.LipSync.Editor.csproj", "{B225D9B4-CC78-E90D-1C08-00B9B596E744}"
EndProject
Project("{FAE04EC0-301F-11D3-BF4B-00C04F79EFBC}") = "Oculus.AudioManager.Utils.Editor", "Oculus.AudioManager.Utils.Editor.csproj", "{F7F46B8D-4CD1-8E49-1939-A4DC2546007F}"
EndProject
Project("{FAE04EC0-301F-11D3-BF4B-00C04F79EFBC}") = "Meta.VoiceSDK.Mic.Common", "Meta.VoiceSDK.Mic.Common.csproj", "{EF673808-E6A8-2D9A-C9B5-B5601AE4EC8C}"
EndProject
Project("{FAE04EC0-301F-11D3-BF4B-00C04F79EFBC}") = "VoiceSDK.Dictation.Editor", "VoiceSDK.Dictation.Editor.csproj", "{3B9FC8FA-0EC2-BDE4-501C-9BF666D27517}"
EndProject
Project("{FAE04EC0-301F-11D3-BF4B-00C04F79EFBC}") = "Meta.VoiceSDK.Mic.Other", "Meta.VoiceSDK.Mic.Other.csproj", "{BC4266DA-958B-59BC-5309-EB15BA18971B}"
EndProject
Project("{FAE04EC0-301F-11D3-BF4B-00C04F79EFBC}") = "AssistantCoreSDKEditor", "AssistantCoreSDKEditor.csproj", "{909A73D6-7F4E-6012-6C36-6D3C1CE979B9}"
EndProject
Project("{FAE04EC0-301F-11D3-BF4B-00C04F79EFBC}") = "Oculus.Interaction.InterfaceSupport", "Oculus.Interaction.InterfaceSupport.csproj", "{84320ED2-5A94-CA97-BE12-1CD321256635}"
EndProject
Project("{FAE04EC0-301F-11D3-BF4B-00C04F79EFBC}") = "Meta.Voice.Samples.LiveUnderstanding", "Meta.Voice.Samples.LiveUnderstanding.csproj", "{F1D0710F-FA55-AC85-852F-E4414BD9B67B}"
EndProject
Project("{FAE04EC0-301F-11D3-BF4B-00C04F79EFBC}") = "Facebook.Wit.Dictation.Editor", "Facebook.Wit.Dictation.Editor.csproj", "{D72CA09B-6DB7-7A9E-96A3-2CA7D51690E6}"
EndProject
Project("{FAE04EC0-301F-11D3-BF4B-00C04F79EFBC}") = "Meta.VoiceSDK.Mic.WebGL", "Meta.VoiceSDK.Mic.WebGL.csproj", "{BECBF826-7BCF-2A72-2CC9-EFC285BAB657}"
EndProject
Global
	GlobalSection(SolutionConfigurationPlatforms) = preSolution
		Debug|Any CPU = Debug|Any CPU
		Release|Any CPU = Release|Any CPU
	EndGlobalSection
	GlobalSection(ProjectConfigurationPlatforms) = postSolution
		{4CE89234-559E-57FE-0D25-EBC59D2F096D}.Debug|Any CPU.ActiveCfg = Debug|Any CPU
		{4CE89234-559E-57FE-0D25-EBC59D2F096D}.Debug|Any CPU.Build.0 = Debug|Any CPU
		{4CE89234-559E-57FE-0D25-EBC59D2F096D}.Release|Any CPU.ActiveCfg = Release|Any CPU
		{4CE89234-559E-57FE-0D25-EBC59D2F096D}.Release|Any CPU.Build.0 = Release|Any CPU
		{9EBC04A6-F6CC-37F7-BB12-19F54EE41D1A}.Debug|Any CPU.ActiveCfg = Debug|Any CPU
		{9EBC04A6-F6CC-37F7-BB12-19F54EE41D1A}.Debug|Any CPU.Build.0 = Debug|Any CPU
		{9EBC04A6-F6CC-37F7-BB12-19F54EE41D1A}.Release|Any CPU.ActiveCfg = Release|Any CPU
		{9EBC04A6-F6CC-37F7-BB12-19F54EE41D1A}.Release|Any CPU.Build.0 = Release|Any CPU
		{8B305CE3-7626-5A7A-DAF1-8DE20DF2F474}.Debug|Any CPU.ActiveCfg = Debug|Any CPU
		{8B305CE3-7626-5A7A-DAF1-8DE20DF2F474}.Debug|Any CPU.Build.0 = Debug|Any CPU
		{8B305CE3-7626-5A7A-DAF1-8DE20DF2F474}.Release|Any CPU.ActiveCfg = Release|Any CPU
		{8B305CE3-7626-5A7A-DAF1-8DE20DF2F474}.Release|Any CPU.Build.0 = Release|Any CPU
		{37BAD0AA-516A-2322-64C2-D75C7A9B35E9}.Debug|Any CPU.ActiveCfg = Debug|Any CPU
		{37BAD0AA-516A-2322-64C2-D75C7A9B35E9}.Debug|Any CPU.Build.0 = Debug|Any CPU
		{37BAD0AA-516A-2322-64C2-D75C7A9B35E9}.Release|Any CPU.ActiveCfg = Release|Any CPU
		{37BAD0AA-516A-2322-64C2-D75C7A9B35E9}.Release|Any CPU.Build.0 = Release|Any CPU
		{370F880C-B96F-D85C-90AD-7A3AF155853F}.Debug|Any CPU.ActiveCfg = Debug|Any CPU
		{370F880C-B96F-D85C-90AD-7A3AF155853F}.Debug|Any CPU.Build.0 = Debug|Any CPU
		{370F880C-B96F-D85C-90AD-7A3AF155853F}.Release|Any CPU.ActiveCfg = Release|Any CPU
		{370F880C-B96F-D85C-90AD-7A3AF155853F}.Release|Any CPU.Build.0 = Release|Any CPU
		{55BC85DF-F058-6B71-8EAC-7E4E7364E58D}.Debug|Any CPU.ActiveCfg = Debug|Any CPU
		{55BC85DF-F058-6B71-8EAC-7E4E7364E58D}.Debug|Any CPU.Build.0 = Debug|Any CPU
		{55BC85DF-F058-6B71-8EAC-7E4E7364E58D}.Release|Any CPU.ActiveCfg = Release|Any CPU
		{55BC85DF-F058-6B71-8EAC-7E4E7364E58D}.Release|Any CPU.Build.0 = Release|Any CPU
		{6AD474D9-4BBC-850B-1638-755D9ABAB936}.Debug|Any CPU.ActiveCfg = Debug|Any CPU
		{6AD474D9-4BBC-850B-1638-755D9ABAB936}.Debug|Any CPU.Build.0 = Debug|Any CPU
		{6AD474D9-4BBC-850B-1638-755D9ABAB936}.Release|Any CPU.ActiveCfg = Release|Any CPU
		{6AD474D9-4BBC-850B-1638-755D9ABAB936}.Release|Any CPU.Build.0 = Release|Any CPU
		{D337F601-3650-B6E7-619F-3976CB64D3B3}.Debug|Any CPU.ActiveCfg = Debug|Any CPU
		{D337F601-3650-B6E7-619F-3976CB64D3B3}.Debug|Any CPU.Build.0 = Debug|Any CPU
		{D337F601-3650-B6E7-619F-3976CB64D3B3}.Release|Any CPU.ActiveCfg = Release|Any CPU
		{D337F601-3650-B6E7-619F-3976CB64D3B3}.Release|Any CPU.Build.0 = Release|Any CPU
		{25E6AE07-CBC9-9F04-5F34-626DF7118935}.Debug|Any CPU.ActiveCfg = Debug|Any CPU
		{25E6AE07-CBC9-9F04-5F34-626DF7118935}.Debug|Any CPU.Build.0 = Debug|Any CPU
		{25E6AE07-CBC9-9F04-5F34-626DF7118935}.Release|Any CPU.ActiveCfg = Release|Any CPU
		{25E6AE07-CBC9-9F04-5F34-626DF7118935}.Release|Any CPU.Build.0 = Release|Any CPU
		{19C6C820-EBE7-F7C5-8489-88003023E292}.Debug|Any CPU.ActiveCfg = Debug|Any CPU
		{19C6C820-EBE7-F7C5-8489-88003023E292}.Debug|Any CPU.Build.0 = Debug|Any CPU
		{19C6C820-EBE7-F7C5-8489-88003023E292}.Release|Any CPU.ActiveCfg = Release|Any CPU
		{19C6C820-EBE7-F7C5-8489-88003023E292}.Release|Any CPU.Build.0 = Release|Any CPU
		{C2ACFE5A-5F71-4BC4-CEFE-BD7300F30A93}.Debug|Any CPU.ActiveCfg = Debug|Any CPU
		{C2ACFE5A-5F71-4BC4-CEFE-BD7300F30A93}.Debug|Any CPU.Build.0 = Debug|Any CPU
		{C2ACFE5A-5F71-4BC4-CEFE-BD7300F30A93}.Release|Any CPU.ActiveCfg = Release|Any CPU
		{C2ACFE5A-5F71-4BC4-CEFE-BD7300F30A93}.Release|Any CPU.Build.0 = Release|Any CPU
		{91B9B3F3-4C73-8D09-4664-A7B5527A0073}.Debug|Any CPU.ActiveCfg = Debug|Any CPU
		{91B9B3F3-4C73-8D09-4664-A7B5527A0073}.Debug|Any CPU.Build.0 = Debug|Any CPU
		{91B9B3F3-4C73-8D09-4664-A7B5527A0073}.Release|Any CPU.ActiveCfg = Release|Any CPU
		{91B9B3F3-4C73-8D09-4664-A7B5527A0073}.Release|Any CPU.Build.0 = Release|Any CPU
		{AE97A0F5-86CD-4517-0D87-14011279DFC1}.Debug|Any CPU.ActiveCfg = Debug|Any CPU
		{AE97A0F5-86CD-4517-0D87-14011279DFC1}.Debug|Any CPU.Build.0 = Debug|Any CPU
		{AE97A0F5-86CD-4517-0D87-14011279DFC1}.Release|Any CPU.ActiveCfg = Release|Any CPU
		{AE97A0F5-86CD-4517-0D87-14011279DFC1}.Release|Any CPU.Build.0 = Release|Any CPU
		{E36F1622-AAA4-9749-5FE6-DAD93F314F02}.Debug|Any CPU.ActiveCfg = Debug|Any CPU
		{E36F1622-AAA4-9749-5FE6-DAD93F314F02}.Debug|Any CPU.Build.0 = Debug|Any CPU
		{E36F1622-AAA4-9749-5FE6-DAD93F314F02}.Release|Any CPU.ActiveCfg = Release|Any CPU
		{E36F1622-AAA4-9749-5FE6-DAD93F314F02}.Release|Any CPU.Build.0 = Release|Any CPU
		{0173B0C1-E791-E4CB-7E8A-0B8074E460EB}.Debug|Any CPU.ActiveCfg = Debug|Any CPU
		{0173B0C1-E791-E4CB-7E8A-0B8074E460EB}.Debug|Any CPU.Build.0 = Debug|Any CPU
		{0173B0C1-E791-E4CB-7E8A-0B8074E460EB}.Release|Any CPU.ActiveCfg = Release|Any CPU
		{0173B0C1-E791-E4CB-7E8A-0B8074E460EB}.Release|Any CPU.Build.0 = Release|Any CPU
		{9CACC249-282E-F4DB-1141-F0491DE8A27E}.Debug|Any CPU.ActiveCfg = Debug|Any CPU
		{9CACC249-282E-F4DB-1141-F0491DE8A27E}.Debug|Any CPU.Build.0 = Debug|Any CPU
		{9CACC249-282E-F4DB-1141-F0491DE8A27E}.Release|Any CPU.ActiveCfg = Release|Any CPU
		{9CACC249-282E-F4DB-1141-F0491DE8A27E}.Release|Any CPU.Build.0 = Release|Any CPU
		{24FA6066-CA4A-9ECB-1AD7-E11D131B1AF5}.Debug|Any CPU.ActiveCfg = Debug|Any CPU
		{24FA6066-CA4A-9ECB-1AD7-E11D131B1AF5}.Debug|Any CPU.Build.0 = Debug|Any CPU
		{24FA6066-CA4A-9ECB-1AD7-E11D131B1AF5}.Release|Any CPU.ActiveCfg = Release|Any CPU
		{24FA6066-CA4A-9ECB-1AD7-E11D131B1AF5}.Release|Any CPU.Build.0 = Release|Any CPU
		{EE1DBD9B-DF56-93AD-4516-72A9B7660791}.Debug|Any CPU.ActiveCfg = Debug|Any CPU
		{EE1DBD9B-DF56-93AD-4516-72A9B7660791}.Debug|Any CPU.Build.0 = Debug|Any CPU
		{EE1DBD9B-DF56-93AD-4516-72A9B7660791}.Release|Any CPU.ActiveCfg = Release|Any CPU
		{EE1DBD9B-DF56-93AD-4516-72A9B7660791}.Release|Any CPU.Build.0 = Release|Any CPU
		{D19C74F3-413F-CC53-D4F4-B1C299B3ED97}.Debug|Any CPU.ActiveCfg = Debug|Any CPU
		{D19C74F3-413F-CC53-D4F4-B1C299B3ED97}.Debug|Any CPU.Build.0 = Debug|Any CPU
		{D19C74F3-413F-CC53-D4F4-B1C299B3ED97}.Release|Any CPU.ActiveCfg = Release|Any CPU
		{D19C74F3-413F-CC53-D4F4-B1C299B3ED97}.Release|Any CPU.Build.0 = Release|Any CPU
		{439B7B2A-5393-001F-BF82-093DE7F25BDE}.Debug|Any CPU.ActiveCfg = Debug|Any CPU
		{439B7B2A-5393-001F-BF82-093DE7F25BDE}.Debug|Any CPU.Build.0 = Debug|Any CPU
		{439B7B2A-5393-001F-BF82-093DE7F25BDE}.Release|Any CPU.ActiveCfg = Release|Any CPU
		{439B7B2A-5393-001F-BF82-093DE7F25BDE}.Release|Any CPU.Build.0 = Release|Any CPU
		{1BEB1CB3-3970-E79D-39FF-B068FBE879D3}.Debug|Any CPU.ActiveCfg = Debug|Any CPU
		{1BEB1CB3-3970-E79D-39FF-B068FBE879D3}.Debug|Any CPU.Build.0 = Debug|Any CPU
		{1BEB1CB3-3970-E79D-39FF-B068FBE879D3}.Release|Any CPU.ActiveCfg = Release|Any CPU
		{1BEB1CB3-3970-E79D-39FF-B068FBE879D3}.Release|Any CPU.Build.0 = Release|Any CPU
		{C16E6D86-44A6-7EF8-CA43-3023B9A9C921}.Debug|Any CPU.ActiveCfg = Debug|Any CPU
		{C16E6D86-44A6-7EF8-CA43-3023B9A9C921}.Debug|Any CPU.Build.0 = Debug|Any CPU
		{C16E6D86-44A6-7EF8-CA43-3023B9A9C921}.Release|Any CPU.ActiveCfg = Release|Any CPU
		{C16E6D86-44A6-7EF8-CA43-3023B9A9C921}.Release|Any CPU.Build.0 = Release|Any CPU
		{BCC51980-4D97-6C6E-1F19-383E484BD7D1}.Debug|Any CPU.ActiveCfg = Debug|Any CPU
		{BCC51980-4D97-6C6E-1F19-383E484BD7D1}.Debug|Any CPU.Build.0 = Debug|Any CPU
		{BCC51980-4D97-6C6E-1F19-383E484BD7D1}.Release|Any CPU.ActiveCfg = Release|Any CPU
		{BCC51980-4D97-6C6E-1F19-383E484BD7D1}.Release|Any CPU.Build.0 = Release|Any CPU
		{74C6A7A1-7871-0FDB-E963-4016FF4C1645}.Debug|Any CPU.ActiveCfg = Debug|Any CPU
		{74C6A7A1-7871-0FDB-E963-4016FF4C1645}.Debug|Any CPU.Build.0 = Debug|Any CPU
		{74C6A7A1-7871-0FDB-E963-4016FF4C1645}.Release|Any CPU.ActiveCfg = Release|Any CPU
		{74C6A7A1-7871-0FDB-E963-4016FF4C1645}.Release|Any CPU.Build.0 = Release|Any CPU
		{97AF07F2-52AB-F57D-B0A8-56D1DB274EFD}.Debug|Any CPU.ActiveCfg = Debug|Any CPU
		{97AF07F2-52AB-F57D-B0A8-56D1DB274EFD}.Debug|Any CPU.Build.0 = Debug|Any CPU
		{97AF07F2-52AB-F57D-B0A8-56D1DB274EFD}.Release|Any CPU.ActiveCfg = Release|Any CPU
		{97AF07F2-52AB-F57D-B0A8-56D1DB274EFD}.Release|Any CPU.Build.0 = Release|Any CPU
		{16B5ED7C-561E-F241-23FA-D647DA6D2A2F}.Debug|Any CPU.ActiveCfg = Debug|Any CPU
		{16B5ED7C-561E-F241-23FA-D647DA6D2A2F}.Debug|Any CPU.Build.0 = Debug|Any CPU
		{16B5ED7C-561E-F241-23FA-D647DA6D2A2F}.Release|Any CPU.ActiveCfg = Release|Any CPU
		{16B5ED7C-561E-F241-23FA-D647DA6D2A2F}.Release|Any CPU.Build.0 = Release|Any CPU
		{40DDB566-ED31-5334-F039-C395A965141E}.Debug|Any CPU.ActiveCfg = Debug|Any CPU
		{40DDB566-ED31-5334-F039-C395A965141E}.Debug|Any CPU.Build.0 = Debug|Any CPU
		{40DDB566-ED31-5334-F039-C395A965141E}.Release|Any CPU.ActiveCfg = Release|Any CPU
		{40DDB566-ED31-5334-F039-C395A965141E}.Release|Any CPU.Build.0 = Release|Any CPU
		{F251871D-F41E-16FC-63F8-40DFEE7AE18D}.Debug|Any CPU.ActiveCfg = Debug|Any CPU
		{F251871D-F41E-16FC-63F8-40DFEE7AE18D}.Debug|Any CPU.Build.0 = Debug|Any CPU
		{F251871D-F41E-16FC-63F8-40DFEE7AE18D}.Release|Any CPU.ActiveCfg = Release|Any CPU
		{F251871D-F41E-16FC-63F8-40DFEE7AE18D}.Release|Any CPU.Build.0 = Release|Any CPU
		{1BAA76ED-85AA-8D30-12DE-72BFC5C68B53}.Debug|Any CPU.ActiveCfg = Debug|Any CPU
		{1BAA76ED-85AA-8D30-12DE-72BFC5C68B53}.Debug|Any CPU.Build.0 = Debug|Any CPU
		{1BAA76ED-85AA-8D30-12DE-72BFC5C68B53}.Release|Any CPU.ActiveCfg = Release|Any CPU
		{1BAA76ED-85AA-8D30-12DE-72BFC5C68B53}.Release|Any CPU.Build.0 = Release|Any CPU
		{497EB788-F77F-B0C2-065D-C7C8B19FF871}.Debug|Any CPU.ActiveCfg = Debug|Any CPU
		{497EB788-F77F-B0C2-065D-C7C8B19FF871}.Debug|Any CPU.Build.0 = Debug|Any CPU
		{497EB788-F77F-B0C2-065D-C7C8B19FF871}.Release|Any CPU.ActiveCfg = Release|Any CPU
		{497EB788-F77F-B0C2-065D-C7C8B19FF871}.Release|Any CPU.Build.0 = Release|Any CPU
		{A9A24D2B-9170-D252-10AC-9AE2ED0FB0C8}.Debug|Any CPU.ActiveCfg = Debug|Any CPU
		{A9A24D2B-9170-D252-10AC-9AE2ED0FB0C8}.Debug|Any CPU.Build.0 = Debug|Any CPU
		{A9A24D2B-9170-D252-10AC-9AE2ED0FB0C8}.Release|Any CPU.ActiveCfg = Release|Any CPU
		{A9A24D2B-9170-D252-10AC-9AE2ED0FB0C8}.Release|Any CPU.Build.0 = Release|Any CPU
		{75D0F038-1136-0A7E-9E2E-6040BF26A960}.Debug|Any CPU.ActiveCfg = Debug|Any CPU
		{75D0F038-1136-0A7E-9E2E-6040BF26A960}.Debug|Any CPU.Build.0 = Debug|Any CPU
		{75D0F038-1136-0A7E-9E2E-6040BF26A960}.Release|Any CPU.ActiveCfg = Release|Any CPU
		{75D0F038-1136-0A7E-9E2E-6040BF26A960}.Release|Any CPU.Build.0 = Release|Any CPU
		{B550EFBB-C692-ADC4-08FA-0FFE44889642}.Debug|Any CPU.ActiveCfg = Debug|Any CPU
		{B550EFBB-C692-ADC4-08FA-0FFE44889642}.Debug|Any CPU.Build.0 = Debug|Any CPU
		{B550EFBB-C692-ADC4-08FA-0FFE44889642}.Release|Any CPU.ActiveCfg = Release|Any CPU
		{B550EFBB-C692-ADC4-08FA-0FFE44889642}.Release|Any CPU.Build.0 = Release|Any CPU
		{287376D4-4E16-6AA7-3EA2-ACE84E63ADE7}.Debug|Any CPU.ActiveCfg = Debug|Any CPU
		{287376D4-4E16-6AA7-3EA2-ACE84E63ADE7}.Debug|Any CPU.Build.0 = Debug|Any CPU
		{287376D4-4E16-6AA7-3EA2-ACE84E63ADE7}.Release|Any CPU.ActiveCfg = Release|Any CPU
		{287376D4-4E16-6AA7-3EA2-ACE84E63ADE7}.Release|Any CPU.Build.0 = Release|Any CPU
		{43024405-14EF-8144-117F-429E2A97CD4C}.Debug|Any CPU.ActiveCfg = Debug|Any CPU
		{43024405-14EF-8144-117F-429E2A97CD4C}.Debug|Any CPU.Build.0 = Debug|Any CPU
		{43024405-14EF-8144-117F-429E2A97CD4C}.Release|Any CPU.ActiveCfg = Release|Any CPU
		{43024405-14EF-8144-117F-429E2A97CD4C}.Release|Any CPU.Build.0 = Release|Any CPU
		{E5722A53-9321-352B-C0AB-ED647AEAF3B0}.Debug|Any CPU.ActiveCfg = Debug|Any CPU
		{E5722A53-9321-352B-C0AB-ED647AEAF3B0}.Debug|Any CPU.Build.0 = Debug|Any CPU
		{E5722A53-9321-352B-C0AB-ED647AEAF3B0}.Release|Any CPU.ActiveCfg = Release|Any CPU
		{E5722A53-9321-352B-C0AB-ED647AEAF3B0}.Release|Any CPU.Build.0 = Release|Any CPU
		{6FCB251D-5A10-C841-E9BD-A21C69EB6425}.Debug|Any CPU.ActiveCfg = Debug|Any CPU
		{6FCB251D-5A10-C841-E9BD-A21C69EB6425}.Debug|Any CPU.Build.0 = Debug|Any CPU
		{6FCB251D-5A10-C841-E9BD-A21C69EB6425}.Release|Any CPU.ActiveCfg = Release|Any CPU
		{6FCB251D-5A10-C841-E9BD-A21C69EB6425}.Release|Any CPU.Build.0 = Release|Any CPU
		{3C3C4371-7841-3009-2F1F-3EDC66A2DDE1}.Debug|Any CPU.ActiveCfg = Debug|Any CPU
		{3C3C4371-7841-3009-2F1F-3EDC66A2DDE1}.Debug|Any CPU.Build.0 = Debug|Any CPU
		{3C3C4371-7841-3009-2F1F-3EDC66A2DDE1}.Release|Any CPU.ActiveCfg = Release|Any CPU
		{3C3C4371-7841-3009-2F1F-3EDC66A2DDE1}.Release|Any CPU.Build.0 = Release|Any CPU
		{E3671CA8-21BB-C027-300E-5DAD6BBAF5E0}.Debug|Any CPU.ActiveCfg = Debug|Any CPU
		{E3671CA8-21BB-C027-300E-5DAD6BBAF5E0}.Debug|Any CPU.Build.0 = Debug|Any CPU
		{E3671CA8-21BB-C027-300E-5DAD6BBAF5E0}.Release|Any CPU.ActiveCfg = Release|Any CPU
		{E3671CA8-21BB-C027-300E-5DAD6BBAF5E0}.Release|Any CPU.Build.0 = Release|Any CPU
		{76A5FFF6-7935-5713-8FFF-E1761B3CAD4A}.Debug|Any CPU.ActiveCfg = Debug|Any CPU
		{76A5FFF6-7935-5713-8FFF-E1761B3CAD4A}.Debug|Any CPU.Build.0 = Debug|Any CPU
		{76A5FFF6-7935-5713-8FFF-E1761B3CAD4A}.Release|Any CPU.ActiveCfg = Release|Any CPU
		{76A5FFF6-7935-5713-8FFF-E1761B3CAD4A}.Release|Any CPU.Build.0 = Release|Any CPU
		{613B295B-7B5A-4459-9DA3-83B607E1FE9B}.Debug|Any CPU.ActiveCfg = Debug|Any CPU
		{613B295B-7B5A-4459-9DA3-83B607E1FE9B}.Debug|Any CPU.Build.0 = Debug|Any CPU
		{613B295B-7B5A-4459-9DA3-83B607E1FE9B}.Release|Any CPU.ActiveCfg = Release|Any CPU
		{613B295B-7B5A-4459-9DA3-83B607E1FE9B}.Release|Any CPU.Build.0 = Release|Any CPU
		{EBDF4A26-215E-352C-41B5-B3A3B65423D0}.Debug|Any CPU.ActiveCfg = Debug|Any CPU
		{EBDF4A26-215E-352C-41B5-B3A3B65423D0}.Debug|Any CPU.Build.0 = Debug|Any CPU
		{EBDF4A26-215E-352C-41B5-B3A3B65423D0}.Release|Any CPU.ActiveCfg = Release|Any CPU
		{EBDF4A26-215E-352C-41B5-B3A3B65423D0}.Release|Any CPU.Build.0 = Release|Any CPU
		{BD9FD321-386B-827F-9238-52FF04B589CA}.Debug|Any CPU.ActiveCfg = Debug|Any CPU
		{BD9FD321-386B-827F-9238-52FF04B589CA}.Debug|Any CPU.Build.0 = Debug|Any CPU
		{BD9FD321-386B-827F-9238-52FF04B589CA}.Release|Any CPU.ActiveCfg = Release|Any CPU
		{BD9FD321-386B-827F-9238-52FF04B589CA}.Release|Any CPU.Build.0 = Release|Any CPU
		{B18E2E8F-BEFD-C8C2-DA49-A5A8515FFBB5}.Debug|Any CPU.ActiveCfg = Debug|Any CPU
		{B18E2E8F-BEFD-C8C2-DA49-A5A8515FFBB5}.Debug|Any CPU.Build.0 = Debug|Any CPU
		{B18E2E8F-BEFD-C8C2-DA49-A5A8515FFBB5}.Release|Any CPU.ActiveCfg = Release|Any CPU
		{B18E2E8F-BEFD-C8C2-DA49-A5A8515FFBB5}.Release|Any CPU.Build.0 = Release|Any CPU
		{B225D9B4-CC78-E90D-1C08-00B9B596E744}.Debug|Any CPU.ActiveCfg = Debug|Any CPU
		{B225D9B4-CC78-E90D-1C08-00B9B596E744}.Debug|Any CPU.Build.0 = Debug|Any CPU
		{B225D9B4-CC78-E90D-1C08-00B9B596E744}.Release|Any CPU.ActiveCfg = Release|Any CPU
		{B225D9B4-CC78-E90D-1C08-00B9B596E744}.Release|Any CPU.Build.0 = Release|Any CPU
		{F7F46B8D-4CD1-8E49-1939-A4DC2546007F}.Debug|Any CPU.ActiveCfg = Debug|Any CPU
		{F7F46B8D-4CD1-8E49-1939-A4DC2546007F}.Debug|Any CPU.Build.0 = Debug|Any CPU
		{F7F46B8D-4CD1-8E49-1939-A4DC2546007F}.Release|Any CPU.ActiveCfg = Release|Any CPU
		{F7F46B8D-4CD1-8E49-1939-A4DC2546007F}.Release|Any CPU.Build.0 = Release|Any CPU
		{EF673808-E6A8-2D9A-C9B5-B5601AE4EC8C}.Debug|Any CPU.ActiveCfg = Debug|Any CPU
		{EF673808-E6A8-2D9A-C9B5-B5601AE4EC8C}.Debug|Any CPU.Build.0 = Debug|Any CPU
		{EF673808-E6A8-2D9A-C9B5-B5601AE4EC8C}.Release|Any CPU.ActiveCfg = Release|Any CPU
		{EF673808-E6A8-2D9A-C9B5-B5601AE4EC8C}.Release|Any CPU.Build.0 = Release|Any CPU
		{3B9FC8FA-0EC2-BDE4-501C-9BF666D27517}.Debug|Any CPU.ActiveCfg = Debug|Any CPU
		{3B9FC8FA-0EC2-BDE4-501C-9BF666D27517}.Debug|Any CPU.Build.0 = Debug|Any CPU
		{3B9FC8FA-0EC2-BDE4-501C-9BF666D27517}.Release|Any CPU.ActiveCfg = Release|Any CPU
		{3B9FC8FA-0EC2-BDE4-501C-9BF666D27517}.Release|Any CPU.Build.0 = Release|Any CPU
		{BC4266DA-958B-59BC-5309-EB15BA18971B}.Debug|Any CPU.ActiveCfg = Debug|Any CPU
		{BC4266DA-958B-59BC-5309-EB15BA18971B}.Debug|Any CPU.Build.0 = Debug|Any CPU
		{BC4266DA-958B-59BC-5309-EB15BA18971B}.Release|Any CPU.ActiveCfg = Release|Any CPU
		{BC4266DA-958B-59BC-5309-EB15BA18971B}.Release|Any CPU.Build.0 = Release|Any CPU
		{909A73D6-7F4E-6012-6C36-6D3C1CE979B9}.Debug|Any CPU.ActiveCfg = Debug|Any CPU
		{909A73D6-7F4E-6012-6C36-6D3C1CE979B9}.Debug|Any CPU.Build.0 = Debug|Any CPU
		{909A73D6-7F4E-6012-6C36-6D3C1CE979B9}.Release|Any CPU.ActiveCfg = Release|Any CPU
		{909A73D6-7F4E-6012-6C36-6D3C1CE979B9}.Release|Any CPU.Build.0 = Release|Any CPU
		{84320ED2-5A94-CA97-BE12-1CD321256635}.Debug|Any CPU.ActiveCfg = Debug|Any CPU
		{84320ED2-5A94-CA97-BE12-1CD321256635}.Debug|Any CPU.Build.0 = Debug|Any CPU
		{84320ED2-5A94-CA97-BE12-1CD321256635}.Release|Any CPU.ActiveCfg = Release|Any CPU
		{84320ED2-5A94-CA97-BE12-1CD321256635}.Release|Any CPU.Build.0 = Release|Any CPU
		{F1D0710F-FA55-AC85-852F-E4414BD9B67B}.Debug|Any CPU.ActiveCfg = Debug|Any CPU
		{F1D0710F-FA55-AC85-852F-E4414BD9B67B}.Debug|Any CPU.Build.0 = Debug|Any CPU
		{F1D0710F-FA55-AC85-852F-E4414BD9B67B}.Release|Any CPU.ActiveCfg = Release|Any CPU
		{F1D0710F-FA55-AC85-852F-E4414BD9B67B}.Release|Any CPU.Build.0 = Release|Any CPU
		{D72CA09B-6DB7-7A9E-96A3-2CA7D51690E6}.Debug|Any CPU.ActiveCfg = Debug|Any CPU
		{D72CA09B-6DB7-7A9E-96A3-2CA7D51690E6}.Debug|Any CPU.Build.0 = Debug|Any CPU
		{D72CA09B-6DB7-7A9E-96A3-2CA7D51690E6}.Release|Any CPU.ActiveCfg = Release|Any CPU
		{D72CA09B-6DB7-7A9E-96A3-2CA7D51690E6}.Release|Any CPU.Build.0 = Release|Any CPU
		{BECBF826-7BCF-2A72-2CC9-EFC285BAB657}.Debug|Any CPU.ActiveCfg = Debug|Any CPU
		{BECBF826-7BCF-2A72-2CC9-EFC285BAB657}.Debug|Any CPU.Build.0 = Debug|Any CPU
		{BECBF826-7BCF-2A72-2CC9-EFC285BAB657}.Release|Any CPU.ActiveCfg = Release|Any CPU
		{BECBF826-7BCF-2A72-2CC9-EFC285BAB657}.Release|Any CPU.Build.0 = Release|Any CPU
	EndGlobalSection
	GlobalSection(SolutionProperties) = preSolution
		HideSolutionNode = FALSE
	EndGlobalSection
EndGlobal
